
Microsoft Visual Studio Solution File, Format Version 12.00
# Visual Studio Version 16
VisualStudioVersion = 16.0.29509.3
MinimumVisualStudioVersion = 10.0.40219.1
Project("{FAE04EC0-301F-11D3-BF4B-00C04F79EFBC}") = "ClassLibrary1", "ClassLibrary1\ClassLibrary1.csproj", "{716BFCB7-929E-4B34-8E39-97223898A3D9}"
EndProject
Project("{FAE04EC0-301F-11D3-BF4B-00C04F79EFBC}") = "TestProject", "TestProject\TestProject.csproj", "{215AA406-6555-45B6-AA5D-3FB886405B32}"
EndProject
Global
	GlobalSection(SolutionConfigurationPlatforms) = preSolution
		Debug|Any CPU = Debug|Any CPU
		Release|Any CPU = Release|Any CPU
	EndGlobalSection
	GlobalSection(ProjectConfigurationPlatforms) = postSolution
		{716BFCB7-929E-4B34-8E39-97223898A3D9}.Debug|Any CPU.ActiveCfg = Debug|Any CPU
		{716BFCB7-929E-4B34-8E39-97223898A3D9}.Debug|Any CPU.Build.0 = Debug|Any CPU
		{716BFCB7-929E-4B34-8E39-97223898A3D9}.Release|Any CPU.ActiveCfg = Release|Any CPU
		{716BFCB7-929E-4B34-8E39-97223898A3D9}.Release|Any CPU.Build.0 = Release|Any CPU
		{215AA406-6555-45B6-AA5D-3FB886405B32}.Debug|Any CPU.ActiveCfg = Debug|Any CPU
		{215AA406-6555-45B6-AA5D-3FB886405B32}.Debug|Any CPU.Build.0 = Debug|Any CPU
		{215AA406-6555-45B6-AA5D-3FB886405B32}.Release|Any CPU.ActiveCfg = Release|Any CPU
		{215AA406-6555-45B6-AA5D-3FB886405B32}.Release|Any CPU.Build.0 = Release|Any CPU
	EndGlobalSection
	GlobalSection(SolutionProperties) = preSolution
		HideSolutionNode = FALSE
	EndGlobalSection
	GlobalSection(ExtensibilityGlobals) = postSolution
		SolutionGuid = {441DB886-2905-4CD4-A68A-3D14F9FBC539}
	EndGlobalSection
EndGlobal
